
Microsoft Visual Studio Solution File, Format Version 12.00
# Visual Studio 15
VisualStudioVersion = 15.0.28307.271
MinimumVisualStudioVersion = 10.0.40219.1
Project("{FAE04EC0-301F-11D3-BF4B-00C04F79EFBC}") = "Agence.AccesoDatos", "Agence.AccesoDatos\Agence.AccesoDatos.csproj", "{A0C1F971-9FC6-4987-8D91-8C7305062274}"
EndProject
Project("{FAE04EC0-301F-11D3-BF4B-00C04F79EFBC}") = "Agence.LogicaNegocio", "Agence.LogicaNegocio\Agence.LogicaNegocio.csproj", "{C314B9FC-AE33-488E-BD73-220513462141}"
EndProject
Project("{FAE04EC0-301F-11D3-BF4B-00C04F79EFBC}") = "Agence.Web", "Agence.Web\Agence.Web.csproj", "{EA848E14-CD62-432B-AFEC-39E76A65E827}"
EndProject
Global
	GlobalSection(SolutionConfigurationPlatforms) = preSolution
		Debug|Any CPU = Debug|Any CPU
		Release|Any CPU = Release|Any CPU
	EndGlobalSection
	GlobalSection(ProjectConfigurationPlatforms) = postSolution
		{A0C1F971-9FC6-4987-8D91-8C7305062274}.Debug|Any CPU.ActiveCfg = Debug|Any CPU
		{A0C1F971-9FC6-4987-8D91-8C7305062274}.Debug|Any CPU.Build.0 = Debug|Any CPU
		{A0C1F971-9FC6-4987-8D91-8C7305062274}.Release|Any CPU.ActiveCfg = Release|Any CPU
		{A0C1F971-9FC6-4987-8D91-8C7305062274}.Release|Any CPU.Build.0 = Release|Any CPU
		{C314B9FC-AE33-488E-BD73-220513462141}.Debug|Any CPU.ActiveCfg = Debug|Any CPU
		{C314B9FC-AE33-488E-BD73-220513462141}.Debug|Any CPU.Build.0 = Debug|Any CPU
		{C314B9FC-AE33-488E-BD73-220513462141}.Release|Any CPU.ActiveCfg = Release|Any CPU
		{C314B9FC-AE33-488E-BD73-220513462141}.Release|Any CPU.Build.0 = Release|Any CPU
		{EA848E14-CD62-432B-AFEC-39E76A65E827}.Debug|Any CPU.ActiveCfg = Debug|Any CPU
		{EA848E14-CD62-432B-AFEC-39E76A65E827}.Debug|Any CPU.Build.0 = Debug|Any CPU
		{EA848E14-CD62-432B-AFEC-39E76A65E827}.Release|Any CPU.ActiveCfg = Release|Any CPU
		{EA848E14-CD62-432B-AFEC-39E76A65E827}.Release|Any CPU.Build.0 = Release|Any CPU
	EndGlobalSection
	GlobalSection(SolutionProperties) = preSolution
		HideSolutionNode = FALSE
	EndGlobalSection
	GlobalSection(ExtensibilityGlobals) = postSolution
		SolutionGuid = {02EE76C1-33EE-4E91-94AF-EC01C160B37C}
	EndGlobalSection
EndGlobal
